Microsoft Visual Studio Solution File, Format Version 11.00
# Visual Studio 2008

Project("{C0A63531-8FFF-A36A-EB88-FAC48B7CB9A5}") = "locorun", "Assembly-CSharp.csproj", "{7DA0FE75-8A0B-F919-C22E-63735FC9CD63}"
EndProject
Global
	GlobalSection(SolutionConfigurationPlatforms) = preSolution
		Debug|Any CPU = Debug|Any CPU
		Release|Any CPU = Release|Any CPU
	EndGlobalSection
	GlobalSection(ProjectConfigurationPlatforms) = postSolution
		{7DA0FE75-8A0B-F919-C22E-63735FC9CD63}.Debug|Any CPU.ActiveCfg = Debug|Any CPU
		{7DA0FE75-8A0B-F919-C22E-63735FC9CD63}.Debug|Any CPU.Build.0 = Debug|Any CPU
		{7DA0FE75-8A0B-F919-C22E-63735FC9CD63}.Release|Any CPU.ActiveCfg = Release|Any CPU
		{7DA0FE75-8A0B-F919-C22E-63735FC9CD63}.Release|Any CPU.Build.0 = Release|Any CPU
	EndGlobalSection
	GlobalSection(SolutionProperties) = preSolution
		HideSolutionNode = FALSE
	EndGlobalSection
	GlobalSection(MonoDevelopProperties) = preSolution
		StartupItem = Assembly-CSharp.csproj
	EndGlobalSection
EndGlobal
